// !$*UTF8*$!
{
	archiveVersion = 1;
	classes = {
	};
	objectVersion = 56;
	objects = {

/* Begin PBXBuildFile section */
		AB1C905B2BE783B100932E63 /* main.cpp in Sources */ = {isa = PBXBuildFile; fileRef = AB1C905A2BE783B100932E63 /* main.cpp */; };
		AB46FB6E2BE3A653001C2945 /* main.cpp in Sources */ = {isa = PBXBuildFile; fileRef = AB46FB6D2BE3A653001C2945 /* main.cpp */; };
		AB46FB792BE3F03E001C2945 /* main.cpp in Sources */ = {isa = PBXBuildFile; fileRef = AB46FB782BE3F03E001C2945 /* main.cpp */; };
		AB56A99F2BEE00EE00ABF647 /* main.cpp in Sources */ = {isa = PBXBuildFile; fileRef = AB56A99E2BEE00EE00ABF647 /* main.cpp */; };
		AB56A9AA2BEE86A400ABF647 /* main.cpp in Sources */ = {isa = PBXBuildFile; fileRef = AB56A9A92BEE86A400ABF647 /* main.cpp */; };
		AB78D22E2BDCDB72007CD752 /* main.cpp in Sources */ = {isa = PBXBuildFile; fileRef = AB78D22D2BDCDB72007CD752 /* main.cpp */; };
		AB78D2392BDD1D1A007CD752 /* main.cpp in Sources */ = {isa = PBXBuildFile; fileRef = AB78D2382BDD1D1A007CD752 /* main.cpp */; };
		AB78D24F2BDD6AAD007CD752 /* main.cpp in Sources */ = {isa = PBXBuildFile; fileRef = AB78D24E2BDD6AAD007CD752 /* main.cpp */; };
		AB78D2692BDFCC14007CD752 /* main.cpp in Sources */ = {isa = PBXBuildFile; fileRef = AB78D2682BDFCC14007CD752 /* main.cpp */; };
/* End PBXBuildFile section */

/* Begin PBXCopyFilesBuildPhase section */
		AB1C90562BE783B100932E63 /* CopyFiles */ = {
			isa = PBXCopyFilesBuildPhase;
			buildActionMask = 2147483647;
			dstPath = /usr/share/man/man1/;
			dstSubfolderSpec = 0;
			files = (
			);
			runOnlyForDeploymentPostprocessing = 1;
		};
		AB46FB692BE3A652001C2945 /* CopyFiles */ = {
			isa = PBXCopyFilesBuildPhase;
			buildActionMask = 2147483647;
			dstPath = /usr/share/man/man1/;
			dstSubfolderSpec = 0;
			files = (
			);
			runOnlyForDeploymentPostprocessing = 1;
		};
		AB46FB742BE3F03E001C2945 /* CopyFiles */ = {
			isa = PBXCopyFilesBuildPhase;
			buildActionMask = 2147483647;
			dstPath = /usr/share/man/man1/;
			dstSubfolderSpec = 0;
			files = (
			);
			runOnlyForDeploymentPostprocessing = 1;
		};
		AB56A99A2BEE00EE00ABF647 /* CopyFiles */ = {
			isa = PBXCopyFilesBuildPhase;
			buildActionMask = 2147483647;
			dstPath = /usr/share/man/man1/;
			dstSubfolderSpec = 0;
			files = (
			);
			runOnlyForDeploymentPostprocessing = 1;
		};
		AB56A9A52BEE86A400ABF647 /* CopyFiles */ = {
			isa = PBXCopyFilesBuildPhase;
			buildActionMask = 2147483647;
			dstPath = /usr/share/man/man1/;
			dstSubfolderSpec = 0;
			files = (
			);
			runOnlyForDeploymentPostprocessing = 1;
		};
		AB78D21B2BDCDA21007CD752 /* CopyFiles */ = {
			isa = PBXCopyFilesBuildPhase;
			buildActionMask = 2147483647;
			dstPath = /usr/share/man/man1/;
			dstSubfolderSpec = 0;
			files = (
			);
			runOnlyForDeploymentPostprocessing = 1;
		};
		AB78D2292BDCDB72007CD752 /* CopyFiles */ = {
			isa = PBXCopyFilesBuildPhase;
			buildActionMask = 2147483647;
			dstPath = /usr/share/man/man1/;
			dstSubfolderSpec = 0;
			files = (
			);
			runOnlyForDeploymentPostprocessing = 1;
		};
		AB78D2342BDD1D1A007CD752 /* CopyFiles */ = {
			isa = PBXCopyFilesBuildPhase;
			buildActionMask = 2147483647;
			dstPath = /usr/share/man/man1/;
			dstSubfolderSpec = 0;
			files = (
			);
			runOnlyForDeploymentPostprocessing = 1;
		};
		AB78D24A2BDD6AAD007CD752 /* CopyFiles */ = {
			isa = PBXCopyFilesBuildPhase;
			buildActionMask = 2147483647;
			dstPath = /usr/share/man/man1/;
			dstSubfolderSpec = 0;
			files = (
			);
			runOnlyForDeploymentPostprocessing = 1;
		};
		AB78D2642BDFCC14007CD752 /* CopyFiles */ = {
			isa = PBXCopyFilesBuildPhase;
			buildActionMask = 2147483647;
			dstPath = /usr/share/man/man1/;
			dstSubfolderSpec = 0;
			files = (
			);
			runOnlyForDeploymentPostprocessing = 1;
		};
/* End PBXCopyFilesBuildPhase section */

/* Begin PBXFileReference section */
		AB1C90582BE783B100932E63 /* djikstra_lazy */ = {isa = PBXFileReference; explicitFileType = "compiled.mach-o.executable"; includeInIndex = 0; path = djikstra_lazy; sourceTree = BUILT_PRODUCTS_DIR; };
		AB1C905A2BE783B100932E63 /* main.cpp */ = {isa = PBXFileReference; lastKnownFileType = sourcecode.cpp.cpp; path = main.cpp; sourceTree = "<group>"; };
		AB46FB6B2BE3A652001C2945 /* bfs_shortest_path */ = {isa = PBXFileReference; explicitFileType = "compiled.mach-o.executable"; includeInIndex = 0; path = bfs_shortest_path; sourceTree = BUILT_PRODUCTS_DIR; };
		AB46FB6D2BE3A653001C2945 /* main.cpp */ = {isa = PBXFileReference; lastKnownFileType = sourcecode.cpp.cpp; path = main.cpp; sourceTree = "<group>"; };
		AB46FB762BE3F03E001C2945 /* topological_sort */ = {isa = PBXFileReference; explicitFileType = "compiled.mach-o.executable"; includeInIndex = 0; path = topological_sort; sourceTree = BUILT_PRODUCTS_DIR; };
		AB46FB782BE3F03E001C2945 /* main.cpp */ = {isa = PBXFileReference; lastKnownFileType = sourcecode.cpp.cpp; path = main.cpp; sourceTree = "<group>"; };
		AB56A99C2BEE00EE00ABF647 /* 2d_maxima */ = {isa = PBXFileReference; explicitFileType = "compiled.mach-o.executable"; includeInIndex = 0; path = 2d_maxima; sourceTree = BUILT_PRODUCTS_DIR; };
		AB56A99E2BEE00EE00ABF647 /* main.cpp */ = {isa = PBXFileReference; lastKnownFileType = sourcecode.cpp.cpp; path = main.cpp; sourceTree = "<group>"; };
		AB56A9A72BEE86A400ABF647 /* merge_sort */ = {isa = PBXFileReference; explicitFileType = "compiled.mach-o.executable"; includeInIndex = 0; path = merge_sort; sourceTree = BUILT_PRODUCTS_DIR; };
		AB56A9A92BEE86A400ABF647 /* main.cpp */ = {isa = PBXFileReference; lastKnownFileType = sourcecode.cpp.cpp; path = main.cpp; sourceTree = "<group>"; };
		AB78D21D2BDCDA21007CD752 /* Algorithms_In_CPP */ = {isa = PBXFileReference; explicitFileType = "compiled.mach-o.executable"; includeInIndex = 0; path = Algorithms_In_CPP; sourceTree = BUILT_PRODUCTS_DIR; };
		AB78D22B2BDCDB72007CD752 /* dfs */ = {isa = PBXFileReference; explicitFileType = "compiled.mach-o.executable"; includeInIndex = 0; path = dfs; sourceTree = BUILT_PRODUCTS_DIR; };
		AB78D22D2BDCDB72007CD752 /* main.cpp */ = {isa = PBXFileReference; lastKnownFileType = sourcecode.cpp.cpp; path = main.cpp; sourceTree = "<group>"; };
		AB78D2362BDD1D1A007CD752 /* bfs */ = {isa = PBXFileReference; explicitFileType = "compiled.mach-o.executable"; includeInIndex = 0; path = bfs; sourceTree = BUILT_PRODUCTS_DIR; };
		AB78D2382BDD1D1A007CD752 /* main.cpp */ = {isa = PBXFileReference; lastKnownFileType = sourcecode.cpp.cpp; path = main.cpp; sourceTree = "<group>"; };
		AB78D24C2BDD6AAD007CD752 /* priority_queue */ = {isa = PBXFileReference; explicitFileType = "compiled.mach-o.executable"; includeInIndex = 0; path = priority_queue; sourceTree = BUILT_PRODUCTS_DIR; };
		AB78D24E2BDD6AAD007CD752 /* main.cpp */ = {isa = PBXFileReference; lastKnownFileType = sourcecode.cpp.cpp; path = main.cpp; sourceTree = "<group>"; };
		AB78D2662BDFCC14007CD752 /* prims_lazy */ = {isa = PBXFileReference; explicitFileType = "compiled.mach-o.executable"; includeInIndex = 0; path = prims_lazy; sourceTree = BUILT_PRODUCTS_DIR; };
		AB78D2682BDFCC14007CD752 /* main.cpp */ = {isa = PBXFileReference; lastKnownFileType = sourcecode.cpp.cpp; path = main.cpp; sourceTree = "<group>"; };
/* End PBXFileReference section */

/* Begin PBXFrameworksBuildPhase section */
		AB1C90552BE783B100932E63 /* Frameworks */ = {
			isa = PBXFrameworksBuildPhase;
			buildActionMask = 2147483647;
			files = (
			);
			runOnlyForDeploymentPostprocessing = 0;
		};
		AB46FB682BE3A652001C2945 /* Frameworks */ = {
			isa = PBXFrameworksBuildPhase;
			buildActionMask = 2147483647;
			files = (
			);
			runOnlyForDeploymentPostprocessing = 0;
		};
		AB46FB732BE3F03E001C2945 /* Frameworks */ = {
			isa = PBXFrameworksBuildPhase;
			buildActionMask = 2147483647;
			files = (
			);
			runOnlyForDeploymentPostprocessing = 0;
		};
		AB56A9992BEE00EE00ABF647 /* Frameworks */ = {
			isa = PBXFrameworksBuildPhase;
			buildActionMask = 2147483647;
			files = (
			);
			runOnlyForDeploymentPostprocessing = 0;
		};
		AB56A9A42BEE86A400ABF647 /* Frameworks */ = {
			isa = PBXFrameworksBuildPhase;
			buildActionMask = 2147483647;
			files = (
			);
			runOnlyForDeploymentPostprocessing = 0;
		};
		AB78D21A2BDCDA21007CD752 /* Frameworks */ = {
			isa = PBXFrameworksBuildPhase;
			buildActionMask = 2147483647;
			files = (
			);
			runOnlyForDeploymentPostprocessing = 0;
		};
		AB78D2282BDCDB72007CD752 /* Frameworks */ = {
			isa = PBXFrameworksBuildPhase;
			buildActionMask = 2147483647;
			files = (
			);
			runOnlyForDeploymentPostprocessing = 0;
		};
		AB78D2332BDD1D1A007CD752 /* Frameworks */ = {
			isa = PBXFrameworksBuildPhase;
			buildActionMask = 2147483647;
			files = (
			);
			runOnlyForDeploymentPostprocessing = 0;
		};
		AB78D2492BDD6AAD007CD752 /* Frameworks */ = {
			isa = PBXFrameworksBuildPhase;
			buildActionMask = 2147483647;
			files = (
			);
			runOnlyForDeploymentPostprocessing = 0;
		};
		AB78D2632BDFCC14007CD752 /* Frameworks */ = {
			isa = PBXFrameworksBuildPhase;
			buildActionMask = 2147483647;
			files = (
			);
			runOnlyForDeploymentPostprocessing = 0;
		};
/* End PBXFrameworksBuildPhase section */

/* Begin PBXGroup section */
		AB1C90592BE783B100932E63 /* djikstra_lazy */ = {
			isa = PBXGroup;
			children = (
				AB1C905A2BE783B100932E63 /* main.cpp */,
			);
			path = djikstra_lazy;
			sourceTree = "<group>";
		};
		AB46FB6C2BE3A653001C2945 /* bfs_shortest_path */ = {
			isa = PBXGroup;
			children = (
				AB46FB6D2BE3A653001C2945 /* main.cpp */,
			);
			path = bfs_shortest_path;
			sourceTree = "<group>";
		};
		AB46FB772BE3F03E001C2945 /* topological_sort */ = {
			isa = PBXGroup;
			children = (
				AB46FB782BE3F03E001C2945 /* main.cpp */,
			);
			path = topological_sort;
			sourceTree = "<group>";
		};
		AB56A99D2BEE00EE00ABF647 /* 2d_maxima */ = {
			isa = PBXGroup;
			children = (
				AB56A99E2BEE00EE00ABF647 /* main.cpp */,
			);
			path = 2d_maxima;
			sourceTree = "<group>";
		};
		AB56A9A82BEE86A400ABF647 /* merge_sort */ = {
			isa = PBXGroup;
			children = (
				AB56A9A92BEE86A400ABF647 /* main.cpp */,
			);
			path = merge_sort;
			sourceTree = "<group>";
		};
		AB78D2142BDCDA21007CD752 = {
			isa = PBXGroup;
			children = (
				AB78D21F2BDCDA21007CD752 /* Algorithms_In_CPP */,
				AB78D2372BDD1D1A007CD752 /* bfs */,
				AB78D22C2BDCDB72007CD752 /* dfs */,
				AB78D24D2BDD6AAD007CD752 /* priority_queue */,
				AB78D2672BDFCC14007CD752 /* prims_lazy */,
				AB46FB6C2BE3A653001C2945 /* bfs_shortest_path */,
				AB46FB772BE3F03E001C2945 /* topological_sort */,
				AB1C90592BE783B100932E63 /* djikstra_lazy */,
				AB56A99D2BEE00EE00ABF647 /* 2d_maxima */,
				AB56A9A82BEE86A400ABF647 /* merge_sort */,
				AB78D21E2BDCDA21007CD752 /* Products */,
			);
			sourceTree = "<group>";
		};
		AB78D21E2BDCDA21007CD752 /* Products */ = {
			isa = PBXGroup;
			children = (
				AB78D21D2BDCDA21007CD752 /* Algorithms_In_CPP */,
				AB78D22B2BDCDB72007CD752 /* dfs */,
				AB78D2362BDD1D1A007CD752 /* bfs */,
				AB78D24C2BDD6AAD007CD752 /* priority_queue */,
				AB78D2662BDFCC14007CD752 /* prims_lazy */,
				AB46FB6B2BE3A652001C2945 /* bfs_shortest_path */,
				AB46FB762BE3F03E001C2945 /* topological_sort */,
				AB1C90582BE783B100932E63 /* djikstra_lazy */,
				AB56A99C2BEE00EE00ABF647 /* 2d_maxima */,
				AB56A9A72BEE86A400ABF647 /* merge_sort */,
			);
			name = Products;
			sourceTree = "<group>";
		};
		AB78D21F2BDCDA21007CD752 /* Algorithms_In_CPP */ = {
			isa = PBXGroup;
			children = (
			);
			path = Algorithms_In_CPP;
			sourceTree = "<group>";
		};
		AB78D22C2BDCDB72007CD752 /* dfs */ = {
			isa = PBXGroup;
			children = (
				AB78D22D2BDCDB72007CD752 /* main.cpp */,
			);
			path = dfs;
			sourceTree = "<group>";
		};
		AB78D2372BDD1D1A007CD752 /* bfs */ = {
			isa = PBXGroup;
			children = (
				AB78D2382BDD1D1A007CD752 /* main.cpp */,
			);
			path = bfs;
			sourceTree = "<group>";
		};
		AB78D24D2BDD6AAD007CD752 /* priority_queue */ = {
			isa = PBXGroup;
			children = (
				AB78D24E2BDD6AAD007CD752 /* main.cpp */,
			);
			path = priority_queue;
			sourceTree = "<group>";
		};
		AB78D2672BDFCC14007CD752 /* prims_lazy */ = {
			isa = PBXGroup;
			children = (
				AB78D2682BDFCC14007CD752 /* main.cpp */,
			);
			path = prims_lazy;
			sourceTree = "<group>";
		};
/* End PBXGroup section */

/* Begin PBXNativeTarget section */
		AB1C90572BE783B100932E63 /* djikstra_lazy */ = {
			isa = PBXNativeTarget;
			buildConfigurationList = AB1C905E2BE783B100932E63 /* Build configuration list for PBXNativeTarget "djikstra_lazy" */;
			buildPhases = (
				AB1C90542BE783B100932E63 /* Sources */,
				AB1C90552BE783B100932E63 /* Frameworks */,
				AB1C90562BE783B100932E63 /* CopyFiles */,
			);
			buildRules = (
			);
			dependencies = (
			);
			name = djikstra_lazy;
			productName = djikstra_lazy;
			productReference = AB1C90582BE783B100932E63 /* djikstra_lazy */;
			productType = "com.apple.product-type.tool";
		};
		AB46FB6A2BE3A652001C2945 /* bfs_shortest_path */ = {
			isa = PBXNativeTarget;
			buildConfigurationList = AB46FB712BE3A653001C2945 /* Build configuration list for PBXNativeTarget "bfs_shortest_path" */;
			buildPhases = (
				AB46FB672BE3A652001C2945 /* Sources */,
				AB46FB682BE3A652001C2945 /* Frameworks */,
				AB46FB692BE3A652001C2945 /* CopyFiles */,
			);
			buildRules = (
			);
			dependencies = (
			);
			name = bfs_shortest_path;
			productName = bfs_shortest_path;
			productReference = AB46FB6B2BE3A652001C2945 /* bfs_shortest_path */;
			productType = "com.apple.product-type.tool";
		};
		AB46FB752BE3F03E001C2945 /* topological_sort */ = {
			isa = PBXNativeTarget;
			buildConfigurationList = AB46FB7C2BE3F03E001C2945 /* Build configuration list for PBXNativeTarget "topological_sort" */;
			buildPhases = (
				AB46FB722BE3F03E001C2945 /* Sources */,
				AB46FB732BE3F03E001C2945 /* Frameworks */,
				AB46FB742BE3F03E001C2945 /* CopyFiles */,
			);
			buildRules = (
			);
			dependencies = (
			);
			name = topological_sort;
			productName = topological_sort;
			productReference = AB46FB762BE3F03E001C2945 /* topological_sort */;
			productType = "com.apple.product-type.tool";
		};
		AB56A99B2BEE00EE00ABF647 /* 2d_maxima */ = {
			isa = PBXNativeTarget;
			buildConfigurationList = AB56A9A22BEE00EE00ABF647 /* Build configuration list for PBXNativeTarget "2d_maxima" */;
			buildPhases = (
				AB56A9982BEE00EE00ABF647 /* Sources */,
				AB56A9992BEE00EE00ABF647 /* Frameworks */,
				AB56A99A2BEE00EE00ABF647 /* CopyFiles */,
			);
			buildRules = (
			);
			dependencies = (
			);
			name = 2d_maxima;
			productName = 2d_maxima;
			productReference = AB56A99C2BEE00EE00ABF647 /* 2d_maxima */;
			productType = "com.apple.product-type.tool";
		};
		AB56A9A62BEE86A400ABF647 /* merge_sort */ = {
			isa = PBXNativeTarget;
			buildConfigurationList = AB56A9AB2BEE86A400ABF647 /* Build configuration list for PBXNativeTarget "merge_sort" */;
			buildPhases = (
				AB56A9A32BEE86A400ABF647 /* Sources */,
				AB56A9A42BEE86A400ABF647 /* Frameworks */,
				AB56A9A52BEE86A400ABF647 /* CopyFiles */,
			);
			buildRules = (
			);
			dependencies = (
			);
			name = merge_sort;
			productName = merge_sort;
			productReference = AB56A9A72BEE86A400ABF647 /* merge_sort */;
			productType = "com.apple.product-type.tool";
		};
		AB78D21C2BDCDA21007CD752 /* Algorithms_In_CPP */ = {
			isa = PBXNativeTarget;
			buildConfigurationList = AB78D2242BDCDA21007CD752 /* Build configuration list for PBXNativeTarget "Algorithms_In_CPP" */;
			buildPhases = (
				AB78D2192BDCDA21007CD752 /* Sources */,
				AB78D21A2BDCDA21007CD752 /* Frameworks */,
				AB78D21B2BDCDA21007CD752 /* CopyFiles */,
			);
			buildRules = (
			);
			dependencies = (
			);
			name = Algorithms_In_CPP;
			productName = Algorithms_In_CPP;
			productReference = AB78D21D2BDCDA21007CD752 /* Algorithms_In_CPP */;
			productType = "com.apple.product-type.tool";
		};
		AB78D22A2BDCDB72007CD752 /* dfs */ = {
			isa = PBXNativeTarget;
			buildConfigurationList = AB78D22F2BDCDB72007CD752 /* Build configuration list for PBXNativeTarget "dfs" */;
			buildPhases = (
				AB78D2272BDCDB72007CD752 /* Sources */,
				AB78D2282BDCDB72007CD752 /* Frameworks */,
				AB78D2292BDCDB72007CD752 /* CopyFiles */,
			);
			buildRules = (
			);
			dependencies = (
			);
			name = dfs;
			productName = dfs;
			productReference = AB78D22B2BDCDB72007CD752 /* dfs */;
			productType = "com.apple.product-type.tool";
		};
		AB78D2352BDD1D1A007CD752 /* bfs */ = {
			isa = PBXNativeTarget;
			buildConfigurationList = AB78D23A2BDD1D1A007CD752 /* Build configuration list for PBXNativeTarget "bfs" */;
			buildPhases = (
				AB78D2322BDD1D1A007CD752 /* Sources */,
				AB78D2332BDD1D1A007CD752 /* Frameworks */,
				AB78D2342BDD1D1A007CD752 /* CopyFiles */,
			);
			buildRules = (
			);
			dependencies = (
			);
			name = bfs;
			productName = bfs;
			productReference = AB78D2362BDD1D1A007CD752 /* bfs */;
			productType = "com.apple.product-type.tool";
		};
		AB78D24B2BDD6AAD007CD752 /* priority_queue */ = {
			isa = PBXNativeTarget;
			buildConfigurationList = AB78D2502BDD6AAD007CD752 /* Build configuration list for PBXNativeTarget "priority_queue" */;
			buildPhases = (
				AB78D2482BDD6AAD007CD752 /* Sources */,
				AB78D2492BDD6AAD007CD752 /* Frameworks */,
				AB78D24A2BDD6AAD007CD752 /* CopyFiles */,
			);
			buildRules = (
			);
			dependencies = (
			);
			name = priority_queue;
			productName = priority_queue;
			productReference = AB78D24C2BDD6AAD007CD752 /* priority_queue */;
			productType = "com.apple.product-type.tool";
		};
		AB78D2652BDFCC14007CD752 /* prims_lazy */ = {
			isa = PBXNativeTarget;
			buildConfigurationList = AB78D26A2BDFCC14007CD752 /* Build configuration list for PBXNativeTarget "prims_lazy" */;
			buildPhases = (
				AB78D2622BDFCC14007CD752 /* Sources */,
				AB78D2632BDFCC14007CD752 /* Frameworks */,
				AB78D2642BDFCC14007CD752 /* CopyFiles */,
			);
			buildRules = (
			);
			dependencies = (
			);
			name = prims_lazy;
			productName = prims_lazy;
			productReference = AB78D2662BDFCC14007CD752 /* prims_lazy */;
			productType = "com.apple.product-type.tool";
		};
/* End PBXNativeTarget section */

/* Begin PBXProject section */
		AB78D2152BDCDA21007CD752 /* Project object */ = {
			isa = PBXProject;
			attributes = {
				BuildIndependentTargetsInParallel = 1;
				LastUpgradeCheck = 1530;
				TargetAttributes = {
					AB1C90572BE783B100932E63 = {
						CreatedOnToolsVersion = 15.3;
					};
					AB46FB6A2BE3A652001C2945 = {
						CreatedOnToolsVersion = 15.3;
					};
					AB46FB752BE3F03E001C2945 = {
						CreatedOnToolsVersion = 15.3;
					};
					AB56A99B2BEE00EE00ABF647 = {
						CreatedOnToolsVersion = 15.3;
					};
					AB56A9A62BEE86A400ABF647 = {
						CreatedOnToolsVersion = 15.3;
					};
					AB78D21C2BDCDA21007CD752 = {
						CreatedOnToolsVersion = 15.3;
					};
					AB78D22A2BDCDB72007CD752 = {
						CreatedOnToolsVersion = 15.3;
					};
					AB78D2352BDD1D1A007CD752 = {
						CreatedOnToolsVersion = 15.3;
					};
					AB78D24B2BDD6AAD007CD752 = {
						CreatedOnToolsVersion = 15.3;
					};
					AB78D2652BDFCC14007CD752 = {
						CreatedOnToolsVersion = 15.3;
					};
				};
			};
			buildConfigurationList = AB78D2182BDCDA21007CD752 /* Build configuration list for PBXProject "Algorithms_In_CPP" */;
			compatibilityVersion = "Xcode 14.0";
			developmentRegion = en;
			hasScannedForEncodings = 0;
			knownRegions = (
				en,
				Base,
			);
			mainGroup = AB78D2142BDCDA21007CD752;
			productRefGroup = AB78D21E2BDCDA21007CD752 /* Products */;
			projectDirPath = "";
			projectRoot = "";
			targets = (
				AB78D21C2BDCDA21007CD752 /* Algorithms_In_CPP */,
				AB78D22A2BDCDB72007CD752 /* dfs */,
				AB78D2352BDD1D1A007CD752 /* bfs */,
				AB78D24B2BDD6AAD007CD752 /* priority_queue */,
				AB78D2652BDFCC14007CD752 /* prims_lazy */,
				AB46FB6A2BE3A652001C2945 /* bfs_shortest_path */,
				AB46FB752BE3F03E001C2945 /* topological_sort */,
				AB1C90572BE783B100932E63 /* djikstra_lazy */,
				AB56A99B2BEE00EE00ABF647 /* 2d_maxima */,
				AB56A9A62BEE86A400ABF647 /* merge_sort */,
			);
		};
/* End PBXProject section */

/* Begin PBXSourcesBuildPhase section */
		AB1C90542BE783B100932E63 /* Sources */ = {
			isa = PBXSourcesBuildPhase;
			buildActionMask = 2147483647;
			files = (
				AB1C905B2BE783B100932E63 /* main.cpp in Sources */,
			);
			runOnlyForDeploymentPostprocessing = 0;
		};
		AB46FB672BE3A652001C2945 /* Sources */ = {
			isa = PBXSourcesBuildPhase;
			buildActionMask = 2147483647;
			files = (
				AB46FB6E2BE3A653001C2945 /* main.cpp in Sources */,
			);
			runOnlyForDeploymentPostprocessing = 0;
		};
		AB46FB722BE3F03E001C2945 /* Sources */ = {
			isa = PBXSourcesBuildPhase;
			buildActionMask = 2147483647;
			files = (
				AB46FB792BE3F03E001C2945 /* main.cpp in Sources */,
			);
			runOnlyForDeploymentPostprocessing = 0;
		};
		AB56A9982BEE00EE00ABF647 /* Sources */ = {
			isa = PBXSourcesBuildPhase;
			buildActionMask = 2147483647;
			files = (
				AB56A99F2BEE00EE00ABF647 /* main.cpp in Sources */,
			);
			runOnlyForDeploymentPostprocessing = 0;
		};
		AB56A9A32BEE86A400ABF647 /* Sources */ = {
			isa = PBXSourcesBuildPhase;
			buildActionMask = 2147483647;
			files = (
				AB56A9AA2BEE86A400ABF647 /* main.cpp in Sources */,
			);
			runOnlyForDeploymentPostprocessing = 0;
		};
		AB78D2192BDCDA21007CD752 /* Sources */ = {
			isa = PBXSourcesBuildPhase;
			buildActionMask = 2147483647;
			files = (
			);
			runOnlyForDeploymentPostprocessing = 0;
		};
		AB78D2272BDCDB72007CD752 /* Sources */ = {
			isa = PBXSourcesBuildPhase;
			buildActionMask = 2147483647;
			files = (
				AB78D22E2BDCDB72007CD752 /* main.cpp in Sources */,
			);
			runOnlyForDeploymentPostprocessing = 0;
		};
		AB78D2322BDD1D1A007CD752 /* Sources */ = {
			isa = PBXSourcesBuildPhase;
			buildActionMask = 2147483647;
			files = (
				AB78D2392BDD1D1A007CD752 /* main.cpp in Sources */,
			);
			runOnlyForDeploymentPostprocessing = 0;
		};
		AB78D2482BDD6AAD007CD752 /* Sources */ = {
			isa = PBXSourcesBuildPhase;
			buildActionMask = 2147483647;
			files = (
				AB78D24F2BDD6AAD007CD752 /* main.cpp in Sources */,
			);
			runOnlyForDeploymentPostprocessing = 0;
		};
		AB78D2622BDFCC14007CD752 /* Sources */ = {
			isa = PBXSourcesBuildPhase;
			buildActionMask = 2147483647;
			files = (
				AB78D2692BDFCC14007CD752 /* main.cpp in Sources */,
			);
			runOnlyForDeploymentPostprocessing = 0;
		};
/* End PBXSourcesBuildPhase section */

/* Begin XCBuildConfiguration section */
		AB1C905C2BE783B100932E63 /* Debug */ = {
			isa = XCBuildConfiguration;
			buildSettings = {
				CODE_SIGN_STYLE = Automatic;
				DEVELOPMENT_TEAM = 9968FP5BMJ;
				ENABLE_HARDENED_RUNTIME = YES;
				MACOSX_DEPLOYMENT_TARGET = 14.4;
				PRODUCT_NAME = "$(TARGET_NAME)";
			};
			name = Debug;
		};
		AB1C905D2BE783B100932E63 /* Release */ = {
			isa = XCBuildConfiguration;
			buildSettings = {
				CODE_SIGN_STYLE = Automatic;
				DEVELOPMENT_TEAM = 9968FP5BMJ;
				ENABLE_HARDENED_RUNTIME = YES;
				MACOSX_DEPLOYMENT_TARGET = 14.4;
				PRODUCT_NAME = "$(TARGET_NAME)";
			};
			name = Release;
		};
		AB46FB6F2BE3A653001C2945 /* Debug */ = {
			isa = XCBuildConfiguration;
			buildSettings = {
				CODE_SIGN_STYLE = Automatic;
				DEVELOPMENT_TEAM = 9968FP5BMJ;
				ENABLE_HARDENED_RUNTIME = YES;
				PRODUCT_NAME = "$(TARGET_NAME)";
			};
			name = Debug;
		};
		AB46FB702BE3A653001C2945 /* Release */ = {
			isa = XCBuildConfiguration;
			buildSettings = {
				CODE_SIGN_STYLE = Automatic;
				DEVELOPMENT_TEAM = 9968FP5BMJ;
				ENABLE_HARDENED_RUNTIME = YES;
				PRODUCT_NAME = "$(TARGET_NAME)";
			};
			name = Release;
		};
		AB46FB7A2BE3F03E001C2945 /* Debug */ = {
			isa = XCBuildConfiguration;
			buildSettings = {
				CODE_SIGN_STYLE = Automatic;
				DEVELOPMENT_TEAM = 9968FP5BMJ;
				ENABLE_HARDENED_RUNTIME = YES;
				PRODUCT_NAME = "$(TARGET_NAME)";
			};
			name = Debug;
		};
		AB46FB7B2BE3F03E001C2945 /* Release */ = {
			isa = XCBuildConfiguration;
			buildSettings = {
				CODE_SIGN_STYLE = Automatic;
				DEVELOPMENT_TEAM = 9968FP5BMJ;
				ENABLE_HARDENED_RUNTIME = YES;
				PRODUCT_NAME = "$(TARGET_NAME)";
			};
			name = Release;
		};
		AB56A9A02BEE00EE00ABF647 /* Debug */ = {
			isa = XCBuildConfiguration;
			buildSettings = {
				CODE_SIGN_STYLE = Automatic;
				DEVELOPMENT_TEAM = 9968FP5BMJ;
				ENABLE_HARDENED_RUNTIME = YES;
				MACOSX_DEPLOYMENT_TARGET = 14.4;
				PRODUCT_NAME = "$(TARGET_NAME)";
			};
			name = Debug;
		};
		AB56A9A12BEE00EE00ABF647 /* Release */ = {
			isa = XCBuildConfiguration;
			buildSettings = {
				CODE_SIGN_STYLE = Automatic;
				DEVELOPMENT_TEAM = 9968FP5BMJ;
				ENABLE_HARDENED_RUNTIME = YES;
				MACOSX_DEPLOYMENT_TARGET = 14.4;
				PRODUCT_NAME = "$(TARGET_NAME)";
			};
			name = Release;
		};
		AB56A9AC2BEE86A400ABF647 /* Debug */ = {
			isa = XCBuildConfiguration;
			buildSettings = {
				CODE_SIGN_STYLE = Automatic;
				DEVELOPMENT_TEAM = 9968FP5BMJ;
				ENABLE_HARDENED_RUNTIME = YES;
				MACOSX_DEPLOYMENT_TARGET = 14.4;
				PRODUCT_NAME = "$(TARGET_NAME)";
			};
			name = Debug;
		};
		AB56A9AD2BEE86A400ABF647 /* Release */ = {
			isa = XCBuildConfiguration;
			buildSettings = {
				CODE_SIGN_STYLE = Automatic;
				DEVELOPMENT_TEAM = 9968FP5BMJ;
				ENABLE_HARDENED_RUNTIME = YES;
				MACOSX_DEPLOYMENT_TARGET = 14.4;
				PRODUCT_NAME = "$(TARGET_NAME)";
			};
			name = Release;
		};
		AB78D2222BDCDA21007CD752 /* Debug */ = {
			isa = XCBuildConfiguration;
			buildSettings = {
				ALWAYS_SEARCH_USER_PATHS = NO;
				ASSETCATALOG_COMPILER_GENERATE_SWIFT_ASSET_SYMBOL_EXTENSIONS = YES;
				CLANG_ANALYZER_NONNULL = YES;
				CLANG_ANALYZER_NUMBER_OBJECT_CONVERSION = YES_AGGRESSIVE;
				CLANG_CXX_LANGUAGE_STANDARD = "gnu++20";
				CLANG_ENABLE_MODULES = YES;
				CLANG_ENABLE_OBJC_ARC = YES;
				CLANG_ENABLE_OBJC_WEAK = YES;
				CLANG_WARN_BLOCK_CAPTURE_AUTORELEASING = YES;
				CLANG_WARN_BOOL_CONVERSION = YES;
				CLANG_WARN_COMMA = YES;
				CLANG_WARN_CONSTANT_CONVERSION = YES;
				CLANG_WARN_DEPRECATED_OBJC_IMPLEMENTATIONS = YES;
				CLANG_WARN_DIRECT_OBJC_ISA_USAGE = YES_ERROR;
				CLANG_WARN_DOCUMENTATION_COMMENTS = YES;
				CLANG_WARN_EMPTY_BODY = YES;
				CLANG_WARN_ENUM_CONVERSION = YES;
				CLANG_WARN_INFINITE_RECURSION = YES;
				CLANG_WARN_INT_CONVERSION = YES;
				CLANG_WARN_NON_LITERAL_NULL_CONVERSION = YES;
				CLANG_WARN_OBJC_IMPLICIT_RETAIN_SELF = YES;
				CLANG_WARN_OBJC_LITERAL_CONVERSION = YES;
				CLANG_WARN_OBJC_ROOT_CLASS = YES_ERROR;
				CLANG_WARN_QUOTED_INCLUDE_IN_FRAMEWORK_HEADER = YES;
				CLANG_WARN_RANGE_LOOP_ANALYSIS = YES;
				CLANG_WARN_STRICT_PROTOTYPES = YES;
				CLANG_WARN_SUSPICIOUS_MOVE = YES;
				CLANG_WARN_UNGUARDED_AVAILABILITY = YES_AGGRESSIVE;
				CLANG_WARN_UNREACHABLE_CODE = YES;
				CLANG_WARN__DUPLICATE_METHOD_MATCH = YES;
				COPY_PHASE_STRIP = NO;
				DEBUG_INFORMATION_FORMAT = dwarf;
				ENABLE_STRICT_OBJC_MSGSEND = YES;
				ENABLE_TESTABILITY = YES;
				ENABLE_USER_SCRIPT_SANDBOXING = YES;
				GCC_C_LANGUAGE_STANDARD = gnu17;
				GCC_DYNAMIC_NO_PIC = NO;
				GCC_NO_COMMON_BLOCKS = YES;
				GCC_OPTIMIZATION_LEVEL = 0;
				GCC_PREPROCESSOR_DEFINITIONS = (
					"DEBUG=1",
					"$(inherited)",
				);
				GCC_WARN_64_TO_32_BIT_CONVERSION = YES;
				GCC_WARN_ABOUT_RETURN_TYPE = YES_ERROR;
				GCC_WARN_UNDECLARED_SELECTOR = YES;
				GCC_WARN_UNINITIALIZED_AUTOS = YES_AGGRESSIVE;
				GCC_WARN_UNUSED_FUNCTION = YES;
				GCC_WARN_UNUSED_VARIABLE = YES;
				LOCALIZATION_PREFERS_STRING_CATALOGS = YES;
				MACOSX_DEPLOYMENT_TARGET = 14.2;
				MTL_ENABLE_DEBUG_INFO = INCLUDE_SOURCE;
				MTL_FAST_MATH = YES;
				ONLY_ACTIVE_ARCH = YES;
				SDKROOT = macosx;
			};
			name = Debug;
		};
		AB78D2232BDCDA21007CD752 /* Release */ = {
			isa = XCBuildConfiguration;
			buildSettings = {
				ALWAYS_SEARCH_USER_PATHS = NO;
				ASSETCATALOG_COMPILER_GENERATE_SWIFT_ASSET_SYMBOL_EXTENSIONS = YES;
				CLANG_ANALYZER_NONNULL = YES;
				CLANG_ANALYZER_NUMBER_OBJECT_CONVERSION = YES_AGGRESSIVE;
				CLANG_CXX_LANGUAGE_STANDARD = "gnu++20";
				CLANG_ENABLE_MODULES = YES;
				CLANG_ENABLE_OBJC_ARC = YES;
				CLANG_ENABLE_OBJC_WEAK = YES;
				CLANG_WARN_BLOCK_CAPTURE_AUTORELEASING = YES;
				CLANG_WARN_BOOL_CONVERSION = YES;
				CLANG_WARN_COMMA = YES;
				CLANG_WARN_CONSTANT_CONVERSION = YES;
				CLANG_WARN_DEPRECATED_OBJC_IMPLEMENTATIONS = YES;
				CLANG_WARN_DIRECT_OBJC_ISA_USAGE = YES_ERROR;
				CLANG_WARN_DOCUMENTATION_COMMENTS = YES;
				CLANG_WARN_EMPTY_BODY = YES;
				CLANG_WARN_ENUM_CONVERSION = YES;
				CLANG_WARN_INFINITE_RECURSION = YES;
				CLANG_WARN_INT_CONVERSION = YES;
				CLANG_WARN_NON_LITERAL_NULL_CONVERSION = YES;
				CLANG_WARN_OBJC_IMPLICIT_RETAIN_SELF = YES;
				CLANG_WARN_OBJC_LITERAL_CONVERSION = YES;
				CLANG_WARN_OBJC_ROOT_CLASS = YES_ERROR;
				CLANG_WARN_QUOTED_INCLUDE_IN_FRAMEWORK_HEADER = YES;
				CLANG_WARN_RANGE_LOOP_ANALYSIS = YES;
				CLANG_WARN_STRICT_PROTOTYPES = YES;
				CLANG_WARN_SUSPICIOUS_MOVE = YES;
				CLANG_WARN_UNGUARDED_AVAILABILITY = YES_AGGRESSIVE;
				CLANG_WARN_UNREACHABLE_CODE = YES;
				CLANG_WARN__DUPLICATE_METHOD_MATCH = YES;
				COPY_PHASE_STRIP = NO;
				DEBUG_INFORMATION_FORMAT = "dwarf-with-dsym";
				ENABLE_NS_ASSERTIONS = NO;
				ENABLE_STRICT_OBJC_MSGSEND = YES;
				ENABLE_USER_SCRIPT_SANDBOXING = YES;
				GCC_C_LANGUAGE_STANDARD = gnu17;
				GCC_NO_COMMON_BLOCKS = YES;
				GCC_WARN_64_TO_32_BIT_CONVERSION = YES;
				GCC_WARN_ABOUT_RETURN_TYPE = YES_ERROR;
				GCC_WARN_UNDECLARED_SELECTOR = YES;
				GCC_WARN_UNINITIALIZED_AUTOS = YES_AGGRESSIVE;
				GCC_WARN_UNUSED_FUNCTION = YES;
				GCC_WARN_UNUSED_VARIABLE = YES;
				LOCALIZATION_PREFERS_STRING_CATALOGS = YES;
				MACOSX_DEPLOYMENT_TARGET = 14.2;
				MTL_ENABLE_DEBUG_INFO = NO;
				MTL_FAST_MATH = YES;
				SDKROOT = macosx;
			};
			name = Release;
		};
		AB78D2252BDCDA21007CD752 /* Debug */ = {
			isa = XCBuildConfiguration;
			buildSettings = {
				CODE_SIGN_STYLE = Automatic;
				DEVELOPMENT_TEAM = 9968FP5BMJ;
				ENABLE_HARDENED_RUNTIME = YES;
				PRODUCT_NAME = "$(TARGET_NAME)";
			};
			name = Debug;
		};
		AB78D2262BDCDA21007CD752 /* Release */ = {
			isa = XCBuildConfiguration;
			buildSettings = {
				CODE_SIGN_STYLE = Automatic;
				DEVELOPMENT_TEAM = 9968FP5BMJ;
				ENABLE_HARDENED_RUNTIME = YES;
				PRODUCT_NAME = "$(TARGET_NAME)";
			};
			name = Release;
		};
		AB78D2302BDCDB72007CD752 /* Debug */ = {
			isa = XCBuildConfiguration;
			buildSettings = {
				CODE_SIGN_STYLE = Automatic;
				DEVELOPMENT_TEAM = 9968FP5BMJ;
				ENABLE_HARDENED_RUNTIME = YES;
				PRODUCT_NAME = "$(TARGET_NAME)";
			};
			name = Debug;
		};
		AB78D2312BDCDB72007CD752 /* Release */ = {
			isa = XCBuildConfiguration;
			buildSettings = {
				CODE_SIGN_STYLE = Automatic;
				DEVELOPMENT_TEAM = 9968FP5BMJ;
				ENABLE_HARDENED_RUNTIME = YES;
				PRODUCT_NAME = "$(TARGET_NAME)";
			};
			name = Release;
		};
		AB78D23B2BDD1D1A007CD752 /* Debug */ = {
			isa = XCBuildConfiguration;
			buildSettings = {
				CODE_SIGN_STYLE = Automatic;
				DEVELOPMENT_TEAM = 9968FP5BMJ;
				ENABLE_HARDENED_RUNTIME = YES;
				PRODUCT_NAME = "$(TARGET_NAME)";
			};
			name = Debug;
		};
		AB78D23C2BDD1D1A007CD752 /* Release */ = {
			isa = XCBuildConfiguration;
			buildSettings = {
				CODE_SIGN_STYLE = Automatic;
				DEVELOPMENT_TEAM = 9968FP5BMJ;
				ENABLE_HARDENED_RUNTIME = YES;
				PRODUCT_NAME = "$(TARGET_NAME)";
			};
			name = Release;
		};
		AB78D2512BDD6AAD007CD752 /* Debug */ = {
			isa = XCBuildConfiguration;
			buildSettings = {
				CODE_SIGN_STYLE = Automatic;
				DEVELOPMENT_TEAM = 9968FP5BMJ;
				ENABLE_HARDENED_RUNTIME = YES;
				PRODUCT_NAME = "$(TARGET_NAME)";
			};
			name = Debug;
		};
		AB78D2522BDD6AAD007CD752 /* Release */ = {
			isa = XCBuildConfiguration;
			buildSettings = {
				CODE_SIGN_STYLE = Automatic;
				DEVELOPMENT_TEAM = 9968FP5BMJ;
				ENABLE_HARDENED_RUNTIME = YES;
				PRODUCT_NAME = "$(TARGET_NAME)";
			};
			name = Release;
		};
		AB78D26B2BDFCC14007CD752 /* Debug */ = {
			isa = XCBuildConfiguration;
			buildSettings = {
				CODE_SIGN_STYLE = Automatic;
				DEVELOPMENT_TEAM = 9968FP5BMJ;
				ENABLE_HARDENED_RUNTIME = YES;
				PRODUCT_NAME = "$(TARGET_NAME)";
			};
			name = Debug;
		};
		AB78D26C2BDFCC14007CD752 /* Release */ = {
			isa = XCBuildConfiguration;
			buildSettings = {
				CODE_SIGN_STYLE = Automatic;
				DEVELOPMENT_TEAM = 9968FP5BMJ;
				ENABLE_HARDENED_RUNTIME = YES;
				PRODUCT_NAME = "$(TARGET_NAME)";
			};
			name = Release;
		};
/* End XCBuildConfiguration section */

/* Begin XCConfigurationList section */
		AB1C905E2BE783B100932E63 /* Build configuration list for PBXNativeTarget "djikstra_lazy" */ = {
			isa = XCConfigurationList;
			buildConfigurations = (
				AB1C905C2BE783B100932E63 /* Debug */,
				AB1C905D2BE783B100932E63 /* Release */,
			);
			defaultConfigurationIsVisible = 0;
			defaultConfigurationName = Release;
		};
		AB46FB712BE3A653001C2945 /* Build configuration list for PBXNativeTarget "bfs_shortest_path" */ = {
			isa = XCConfigurationList;
			buildConfigurations = (
				AB46FB6F2BE3A653001C2945 /* Debug */,
				AB46FB702BE3A653001C2945 /* Release */,
			);
			defaultConfigurationIsVisible = 0;
			defaultConfigurationName = Release;
		};
		AB46FB7C2BE3F03E001C2945 /* Build configuration list for PBXNativeTarget "topological_sort" */ = {
			isa = XCConfigurationList;
			buildConfigurations = (
				AB46FB7A2BE3F03E001C2945 /* Debug */,
				AB46FB7B2BE3F03E001C2945 /* Release */,
			);
			defaultConfigurationIsVisible = 0;
			defaultConfigurationName = Release;
		};
		AB56A9A22BEE00EE00ABF647 /* Build configuration list for PBXNativeTarget "2d_maxima" */ = {
			isa = XCConfigurationList;
			buildConfigurations = (
				AB56A9A02BEE00EE00ABF647 /* Debug */,
				AB56A9A12BEE00EE00ABF647 /* Release */,
			);
			defaultConfigurationIsVisible = 0;
			defaultConfigurationName = Release;
		};
		AB56A9AB2BEE86A400ABF647 /* Build configuration list for PBXNativeTarget "merge_sort" */ = {
			isa = XCConfigurationList;
			buildConfigurations = (
				AB56A9AC2BEE86A400ABF647 /* Debug */,
				AB56A9AD2BEE86A400ABF647 /* Release */,
			);
			defaultConfigurationIsVisible = 0;
			defaultConfigurationName = Release;
		};
		AB78D2182BDCDA21007CD752 /* Build configuration list for PBXProject "Algorithms_In_CPP" */ = {
			isa = XCConfigurationList;
			buildConfigurations = (
				AB78D2222BDCDA21007CD752 /* Debug */,
				AB78D2232BDCDA21007CD752 /* Release */,
			);
			defaultConfigurationIsVisible = 0;
			defaultConfigurationName = Release;
		};
		AB78D2242BDCDA21007CD752 /* Build configuration list for PBXNativeTarget "Algorithms_In_CPP" */ = {
			isa = XCConfigurationList;
			buildConfigurations = (
				AB78D2252BDCDA21007CD752 /* Debug */,
				AB78D2262BDCDA21007CD752 /* Release */,
			);
			defaultConfigurationIsVisible = 0;
			defaultConfigurationName = Release;
		};
		AB78D22F2BDCDB72007CD752 /* Build configuration list for PBXNativeTarget "dfs" */ = {
			isa = XCConfigurationList;
			buildConfigurations = (
				AB78D2302BDCDB72007CD752 /* Debug */,
				AB78D2312BDCDB72007CD752 /* Release */,
			);
			defaultConfigurationIsVisible = 0;
			defaultConfigurationName = Release;
		};
		AB78D23A2BDD1D1A007CD752 /* Build configuration list for PBXNativeTarget "bfs" */ = {
			isa = XCConfigurationList;
			buildConfigurations = (
				AB78D23B2BDD1D1A007CD752 /* Debug */,
				AB78D23C2BDD1D1A007CD752 /* Release */,
			);
			defaultConfigurationIsVisible = 0;
			defaultConfigurationName = Release;
		};
		AB78D2502BDD6AAD007CD752 /* Build configuration list for PBXNativeTarget "priority_queue" */ = {
			isa = XCConfigurationList;
			buildConfigurations = (
				AB78D2512BDD6AAD007CD752 /* Debug */,
				AB78D2522BDD6AAD007CD752 /* Release */,
			);
			defaultConfigurationIsVisible = 0;
			defaultConfigurationName = Release;
		};
		AB78D26A2BDFCC14007CD752 /* Build configuration list for PBXNativeTarget "prims_lazy" */ = {
			isa = XCConfigurationList;
			buildConfigurations = (
				AB78D26B2BDFCC14007CD752 /* Debug */,
				AB78D26C2BDFCC14007CD752 /* Release */,
			);
			defaultConfigurationIsVisible = 0;
			defaultConfigurationName = Release;
		};
/* End XCConfigurationList section */
	};
	rootObject = AB78D2152BDCDA21007CD752 /* Project object */;
}
